lockfile_version: '1'
generated_at: '2026-09-24T05:58:53.729357+00:00'
apm_version: 0.26.0
dependencies: []
deployments:
- kind: project-relative
  target: agents
  value: .agents/skills/code-reviewer
  runtime: null
  scope: project
  owners:
  - .
  active_owner: .
  content_hash: null
- kind: project-relative
  target: agents
  value: .agents/skills/code-reviewer/SKILL.md
  runtime: null
  scope: project
  owners:
  - .
  active_owner: .
  content_hash: sha256:a16a87e2e3d1e2d2bd4f262b7efcb0c49d5159343db09e133272ed85de7131b8
- kind: project-relative
  target: agents
  value: .agents/skills/code-reviewer/references/frontend-review.md
  runtime: null
  scope: project
  owners:
  - .
  active_owner: .
  content_hash: sha256:6216abd632692f2d092992d5f02831c6dd37ec43bd9f0a83fd97771584d0b00e
- kind: project-relative
  target: agents
  value: .agents/skills/code-reviewer/references/general-review.md
  runtime: null
  scope: project
  owners:
  - .
  active_owner: .
  content_hash: sha256:e8db3b568ebf21b354df817317a536c0f733a355850da6c4b7d0d467717a71a1
- kind: project-relative
  target: agents
  value: .agents/skills/code-reviewer/references/moonbit-review.md
  runtime: null
  scope: project
  owners:
  - .
  active_owner: .
  content_hash: sha256:a8f1b9d573985f3d647921d0476d2418c428addd9b3f9b02a3ca44ba17b5d712
- kind: project-relative
  target: agents
  value: .agents/skills/code-reviewer/references/php-review.md
  runtime: null
  scope: project
  owners:
  - .
  active_owner: .
  content_hash: sha256:e69b0498b788766175b453ac90d8f9ccc229271f2e88ae92495a1a7327fde960
- kind: project-relative
  target: agents
  value: .agents/skills/exec-plan
  runtime: null
  scope: project
  owners:
  - .
  active_owner: .
  content_hash: null
- kind: project-relative
  target: agents
  value: .agents/skills/exec-plan/SKILL.md
  runtime: null
  scope: project
  owners:
  - .
  active_owner: .
  content_hash: sha256:2bcf7216f32944841a8ab705c110a670db0f8ccd9f8f03dc68b24907c30661fe
- kind: project-relative
  target: agents
  value: .agents/skills/php-feature-test-creator
  runtime: null
  scope: project
  owners:
  - .
  active_owner: .
  content_hash: null
- kind: project-relative
  target: agents
  value: .agents/skills/php-feature-test-creator/SKILL.md
  runtime: null
  scope: project
  owners:
  - .
  active_owner: .
  content_hash: sha256:de86430fac8aa2d440dfa79a003c527fc5dfd00c1bf91b163ca628ac5a94e9b0
- kind: project-relative
  target: agents
  value: .agents/skills/php-feature-test-creator/references/patterns.md
  runtime: null
  scope: project
  owners:
  - .
  active_owner: .
  content_hash: sha256:ae52eb1cb9736d4d90b7f5507634ddf06ecedb25900b97ee0c7e629ca4c7a4c4
- kind: project-relative
  target: agents
  value: .agents/skills/php-integration-test-creator
  runtime: null
  scope: project
  owners:
  - .
  active_owner: .
  content_hash: null
- kind: project-relative
  target: agents
  value: .agents/skills/php-integration-test-creator/SKILL.md
  runtime: null
  scope: project
  owners:
  - .
  active_owner: .
  content_hash: sha256:46f4f2de1183d8e679f5555bbbf596c7c75a812edd0ccb3b3d3fd817136b4acf
- kind: project-relative
  target: agents
  value: .agents/skills/php-integration-test-creator/references/patterns.md
  runtime: null
  scope: project
  owners:
  - .
  active_owner: .
  content_hash: sha256:a75b5511cc739b8fe9b4e791eea5a7b62dff08e7812284b659f095c84669e07d
- kind: project-relative
  target: agents
  value: .agents/skills/php-unit-test-creator
  runtime: null
  scope: project
  owners:
  - .
  active_owner: .
  content_hash: null
- kind: project-relative
  target: agents
  value: .agents/skills/php-unit-test-creator/SKILL.md
  runtime: null
  scope: project
  owners:
  - .
  active_owner: .
  content_hash: sha256:60eeffe24d54f136fdb6fee4ea593ef270fff0098730e5f5943f3977ac4c417f
- kind: project-relative
  target: agents
  value: .agents/skills/php-unit-test-creator/references/common.md
  runtime: null
  scope: project
  owners:
  - .
  active_owner: .
  content_hash: sha256:5b65ce4c2255ca406e8d40729b9da9d93781229c3b79d923811d3aa515be4ddf
- kind: project-relative
  target: agents
  value: .agents/skills/php-unit-test-creator/references/patterns.md
  runtime: null
  scope: project
  owners:
  - .
  active_owner: .
  content_hash: sha256:937eec0bfbabc39adecc825eb4de356c54c0ad2253122f36b13578622064c8a5
- kind: project-relative
  target: agents
  value: .agents/skills/pr-creator
  runtime: null
  scope: project
  owners:
  - .
  active_owner: .
  content_hash: null
- kind: project-relative
  target: agents
  value: .agents/skills/pr-creator/SKILL.md
  runtime: null
  scope: project
  owners:
  - .
  active_owner: .
  content_hash: sha256:9001b301545422e0dbaf34add7144159b4cf38d368d3b188089cee268f2c8f53
- kind: project-relative
  target: claude
  value: .claude/agents/docs-curator.md
  runtime: null
  scope: project
  owners:
  - .
  active_owner: .
  content_hash: sha256:74a098313fa00048bfd3e5cce164eeb77d7aa3af43b9a7346c9884bc496b4479
- kind: project-relative
  target: claude
  value: .claude/rules/01-backend.md
  runtime: null
  scope: project
  owners:
  - .
  active_owner: .
  content_hash: sha256:63d719f081d842b9f1962e22616d12bf1a2e6ed4ad7de415cd3e8611684563f7
- kind: project-relative
  target: claude
  value: .claude/rules/02-admin.md
  runtime: null
  scope: project
  owners:
  - .
  active_owner: .
  content_hash: sha256:d9ffbd7edbc9ab6ac95d31f631fc61ccabfa7ee22635f357d82dcfb890f9fa0f
- kind: project-relative
  target: claude
  value: .claude/rules/03-contracts.md
  runtime: null
  scope: project
  owners:
  - .
  active_owner: .
  content_hash: sha256:5d896d75c547b15cc61201236e34d4f38d5e8343202b13a66905e6b8f0e4c562
- kind: project-relative
  target: claude
  value: .claude/rules/04-docs.md
  runtime: null
  scope: project
  owners:
  - .
  active_owner: .
  content_hash: sha256:4e37ca24f3bc92afe73fa205fcc8010b3106aab53a8336d76fcc1fd7904766ea
- kind: project-relative
  target: claude
  value: .claude/rules/05-viewer.md
  runtime: null
  scope: project
  owners:
  - .
  active_owner: .
  content_hash: sha256:f49c98d27e38b4279b71f84399497812773d0a1b7e128d8bb9df9c254de42a23
- kind: project-relative
  target: claude
  value: .claude/rules/06-discord-notifier.md
  runtime: null
  scope: project
  owners:
  - .
  active_owner: .
  content_hash: sha256:676a482b3c9f254fa1c21028025d80afd7bd4a424cff8f17fcf587357d74c1b8
- kind: project-relative
  target: claude
  value: .claude/rules/07-notify-publish.md
  runtime: null
  scope: project
  owners:
  - .
  active_owner: .
  content_hash: sha256:4afe2b5aedec75e36a83df2fccd5d7ef6cf4be288b7d4d691977f8d2f5e580ff
- kind: project-relative
  target: claude
  value: .claude/rules/08-notify-contract.md
  runtime: null
  scope: project
  owners:
  - .
  active_owner: .
  content_hash: sha256:104d2ed9ad80259802e64d60d5410267083d4894fedd21d7bef93433332be1f7
- kind: project-relative
  target: claude
  value: .claude/skills/code-reviewer
  runtime: null
  scope: project
  owners:
  - .
  active_owner: .
  content_hash: null
- kind: project-relative
  target: claude
  value: .claude/skills/code-reviewer/SKILL.md
  runtime: null
  scope: project
  owners:
  - .
  active_owner: .
  content_hash: sha256:a16a87e2e3d1e2d2bd4f262b7efcb0c49d5159343db09e133272ed85de7131b8
- kind: project-relative
  target: claude
  value: .claude/skills/code-reviewer/references/frontend-review.md
  runtime: null
  scope: project
  owners:
  - .
  active_owner: .
  content_hash: sha256:6216abd632692f2d092992d5f02831c6dd37ec43bd9f0a83fd97771584d0b00e
- kind: project-relative
  target: claude
  value: .claude/skills/code-reviewer/references/general-review.md
  runtime: null
  scope: project
  owners:
  - .
  active_owner: .
  content_hash: sha256:e8db3b568ebf21b354df817317a536c0f733a355850da6c4b7d0d467717a71a1
- kind: project-relative
  target: claude
  value: .claude/skills/code-reviewer/references/moonbit-review.md
  runtime: null
  scope: project
  owners:
  - .
  active_owner: .
  content_hash: sha256:a8f1b9d573985f3d647921d0476d2418c428addd9b3f9b02a3ca44ba17b5d712
- kind: project-relative
  target: claude
  value: .claude/skills/code-reviewer/references/php-review.md
  runtime: null
  scope: project
  owners:
  - .
  active_owner: .
  content_hash: sha256:e69b0498b788766175b453ac90d8f9ccc229271f2e88ae92495a1a7327fde960
- kind: project-relative
  target: claude
  value: .claude/skills/exec-plan
  runtime: null
  scope: project
  owners:
  - .
  active_owner: .
  content_hash: null
- kind: project-relative
  target: claude
  value: .claude/skills/exec-plan/SKILL.md
  runtime: null
  scope: project
  owners:
  - .
  active_owner: .
  content_hash: sha256:2bcf7216f32944841a8ab705c110a670db0f8ccd9f8f03dc68b24907c30661fe
- kind: project-relative
  target: claude
  value: .claude/skills/php-feature-test-creator
  runtime: null
  scope: project
  owners:
  - .
  active_owner: .
  content_hash: null
- kind: project-relative
  target: claude
  value: .claude/skills/php-feature-test-creator/SKILL.md
  runtime: null
  scope: project
  owners:
  - .
  active_owner: .
  content_hash: sha256:1ee8f40519777cf188376d963f0c082b206acff8d2fed2717fc36813e932d3a8
- kind: project-relative
  target: claude
  value: .claude/skills/php-feature-test-creator/references/patterns.md
  runtime: null
  scope: project
  owners:
  - .
  active_owner: .
  content_hash: sha256:ae52eb1cb9736d4d90b7f5507634ddf06ecedb25900b97ee0c7e629ca4c7a4c4
- kind: project-relative
  target: claude
  value: .claude/skills/php-integration-test-creator
  runtime: null
  scope: project
  owners:
  - .
  active_owner: .
  content_hash: null
- kind: project-relative
  target: claude
  value: .claude/skills/php-integration-test-creator/SKILL.md
  runtime: null
  scope: project
  owners:
  - .
  active_owner: .
  content_hash: sha256:e9756cbf85389c87ebcee6c081abe12deaf0e8322828ce119546ce9e9b9ee21f
- kind: project-relative
  target: claude
  value: .claude/skills/php-integration-test-creator/references/patterns.md
  runtime: null
  scope: project
  owners:
  - .
  active_owner: .
  content_hash: sha256:a75b5511cc739b8fe9b4e791eea5a7b62dff08e7812284b659f095c84669e07d
- kind: project-relative
  target: claude
  value: .claude/skills/php-unit-test-creator
  runtime: null
  scope: project
  owners:
  - .
  active_owner: .
  content_hash: null
- kind: project-relative
  target: claude
  value: .claude/skills/php-unit-test-creator/SKILL.md
  runtime: null
  scope: project
  owners:
  - .
  active_owner: .
  content_hash: sha256:60eeffe24d54f136fdb6fee4ea593ef270fff0098730e5f5943f3977ac4c417f
- kind: project-relative
  target: claude
  value: .claude/skills/php-unit-test-creator/references/common.md
  runtime: null
  scope: project
  owners:
  - .
  active_owner: .
  content_hash: sha256:5b65ce4c2255ca406e8d40729b9da9d93781229c3b79d923811d3aa515be4ddf
- kind: project-relative
  target: claude
  value: .claude/skills/php-unit-test-creator/references/patterns.md
  runtime: null
  scope: project
  owners:
  - .
  active_owner: .
  content_hash: sha256:937eec0bfbabc39adecc825eb4de356c54c0ad2253122f36b13578622064c8a5
- kind: project-relative
  target: claude
  value: .claude/skills/pr-creator
  runtime: null
  scope: project
  owners:
  - .
  active_owner: .
  content_hash: null
- kind: project-relative
  target: claude
  value: .claude/skills/pr-creator/SKILL.md
  runtime: null
  scope: project
  owners:
  - .
  active_owner: .
  content_hash: sha256:9001b301545422e0dbaf34add7144159b4cf38d368d3b188089cee268f2c8f53
- kind: project-relative
  target: codex
  value: .codex/agents/docs-curator.toml
  runtime: null
  scope: project
  owners:
  - .
  active_owner: .
  content_hash: sha256:847e6bd60ef5f3aa1dc2e89034edb5e73681e3f453c7ba565e99c3de5cda734a
- kind: project-relative
  target: cursor
  value: .cursor/agents/docs-curator.md
  runtime: null
  scope: project
  owners:
  - .
  active_owner: .
  content_hash: sha256:74a098313fa00048bfd3e5cce164eeb77d7aa3af43b9a7346c9884bc496b4479
- kind: project-relative
  target: cursor
  value: .cursor/rules/01-backend.mdc
  runtime: null
  scope: project
  owners:
  - .
  active_owner: .
  content_hash: sha256:0fa02290cd2ce4bc740ee1fd85f207090c576802a233b5e1d5e7535e20d245f2
- kind: project-relative
  target: cursor
  value: .cursor/rules/02-admin.mdc
  runtime: null
  scope: project
  owners:
  - .
  active_owner: .
  content_hash: sha256:4c88bcc41111d2d1216d798e243ccd7146d0773d3705aac117393f58c6a7757a
- kind: project-relative
  target: cursor
  value: .cursor/rules/03-contracts.mdc
  runtime: null
  scope: project
  owners:
  - .
  active_owner: .
  content_hash: sha256:3047c08e80809f746ccfda1150e6ed09e899cc16914c757dd7069b05361056aa
- kind: project-relative
  target: cursor
  value: .cursor/rules/04-docs.mdc
  runtime: null
  scope: project
  owners:
  - .
  active_owner: .
  content_hash: sha256:6c95f8a67f136c7d8e304352f12612f5e2b28ba9f64d074e179691955a29b808
- kind: project-relative
  target: cursor
  value: .cursor/rules/05-viewer.mdc
  runtime: null
  scope: project
  owners:
  - .
  active_owner: .
  content_hash: sha256:e0d08e41fb28b013eb1fc7544f015ea9cdc0cbd131013ba0df11a3e0eedae345
- kind: project-relative
  target: cursor
  value: .cursor/rules/06-discord-notifier.mdc
  runtime: null
  scope: project
  owners:
  - .
  active_owner: .
  content_hash: sha256:d4feabd07d3857c90e7121e1b80e96347eb4382368e52937a070fd8462362473
- kind: project-relative
  target: cursor
  value: .cursor/rules/07-notify-publish.mdc
  runtime: null
  scope: project
  owners:
  - .
  active_owner: .
  content_hash: sha256:e3970168f72de27c12871942c93a8a8f531ce160fdb33629ba3b7335e9fd47bd
- kind: project-relative
  target: cursor
  value: .cursor/rules/08-notify-contract.mdc
  runtime: null
  scope: project
  owners:
  - .
  active_owner: .
  content_hash: sha256:ad8294ac859017551c4f36b67a7679112068716c8e1bbdb1696066283831b1fd
local_deployed_files:
- .agents/skills/code-reviewer
- .agents/skills/code-reviewer/SKILL.md
- .agents/skills/code-reviewer/references/frontend-review.md
- .agents/skills/code-reviewer/references/general-review.md
- .agents/skills/code-reviewer/references/moonbit-review.md
- .agents/skills/code-reviewer/references/php-review.md
- .agents/skills/exec-plan
- .agents/skills/exec-plan/SKILL.md
- .agents/skills/php-feature-test-creator
- .agents/skills/php-feature-test-creator/SKILL.md
- .agents/skills/php-feature-test-creator/references/patterns.md
- .agents/skills/php-integration-test-creator
- .agents/skills/php-integration-test-creator/SKILL.md
- .agents/skills/php-integration-test-creator/references/patterns.md
- .agents/skills/php-unit-test-creator
- .agents/skills/php-unit-test-creator/SKILL.md
- .agents/skills/php-unit-test-creator/references/common.md
- .agents/skills/php-unit-test-creator/references/patterns.md
- .agents/skills/pr-creator
- .agents/skills/pr-creator/SKILL.md
- .claude/agents/docs-curator.md
- .claude/rules/01-backend.md
- .claude/rules/02-admin.md
- .claude/rules/03-contracts.md
- .claude/rules/04-docs.md
- .claude/rules/05-viewer.md
- .claude/rules/06-discord-notifier.md
- .claude/rules/07-notify-publish.md
- .claude/rules/08-notify-contract.md
- .claude/skills/code-reviewer
- .claude/skills/code-reviewer/SKILL.md
- .claude/skills/code-reviewer/references/frontend-review.md
- .claude/skills/code-reviewer/references/general-review.md
- .claude/skills/code-reviewer/references/moonbit-review.md
- .claude/skills/code-reviewer/references/php-review.md
- .claude/skills/exec-plan
- .claude/skills/exec-plan/SKILL.md
- .claude/skills/php-feature-test-creator
- .claude/skills/php-feature-test-creator/SKILL.md
- .claude/skills/php-feature-test-creator/references/patterns.md
- .claude/skills/php-integration-test-creator
- .claude/skills/php-integration-test-creator/SKILL.md
- .claude/skills/php-integration-test-creator/references/patterns.md
- .claude/skills/php-unit-test-creator
- .claude/skills/php-unit-test-creator/SKILL.md
- .claude/skills/php-unit-test-creator/references/common.md
- .claude/skills/php-unit-test-creator/references/patterns.md
- .claude/skills/pr-creator
- .claude/skills/pr-creator/SKILL.md
- .codex/agents/docs-curator.toml
- .cursor/agents/docs-curator.md
- .cursor/rules/01-backend.mdc
- .cursor/rules/02-admin.mdc
- .cursor/rules/03-contracts.mdc
- .cursor/rules/04-docs.mdc
- .cursor/rules/05-viewer.mdc
- .cursor/rules/06-discord-notifier.mdc
- .cursor/rules/07-notify-publish.mdc
- .cursor/rules/08-notify-contract.mdc
local_deployed_file_hashes:
  .agents/skills/code-reviewer/SKILL.md: sha256:a16a87e2e3d1e2d2bd4f262b7efcb0c49d5159343db09e133272ed85de7131b8
  .agents/skills/code-reviewer/references/frontend-review.md: sha256:6216abd632692f2d092992d5f02831c6dd37ec43bd9f0a83fd97771584d0b00e
  .agents/skills/code-reviewer/references/general-review.md: sha256:e8db3b568ebf21b354df817317a536c0f733a355850da6c4b7d0d467717a71a1
  .agents/skills/code-reviewer/references/moonbit-review.md: sha256:a8f1b9d573985f3d647921d0476d2418c428addd9b3f9b02a3ca44ba17b5d712
  .agents/skills/code-reviewer/references/php-review.md: sha256:e69b0498b788766175b453ac90d8f9ccc229271f2e88ae92495a1a7327fde960
  .agents/skills/exec-plan/SKILL.md: sha256:2bcf7216f32944841a8ab705c110a670db0f8ccd9f8f03dc68b24907c30661fe
  .agents/skills/php-feature-test-creator/SKILL.md: sha256:de86430fac8aa2d440dfa79a003c527fc5dfd00c1bf91b163ca628ac5a94e9b0
  .agents/skills/php-feature-test-creator/references/patterns.md: sha256:ae52eb1cb9736d4d90b7f5507634ddf06ecedb25900b97ee0c7e629ca4c7a4c4
  .agents/skills/php-integration-test-creator/SKILL.md: sha256:46f4f2de1183d8e679f5555bbbf596c7c75a812edd0ccb3b3d3fd817136b4acf
  .agents/skills/php-integration-test-creator/references/patterns.md: sha256:a75b5511cc739b8fe9b4e791eea5a7b62dff08e7812284b659f095c84669e07d
  .agents/skills/php-unit-test-creator/SKILL.md: sha256:60eeffe24d54f136fdb6fee4ea593ef270fff0098730e5f5943f3977ac4c417f
  .agents/skills/php-unit-test-creator/references/common.md: sha256:5b65ce4c2255ca406e8d40729b9da9d93781229c3b79d923811d3aa515be4ddf
  .agents/skills/php-unit-test-creator/references/patterns.md: sha256:937eec0bfbabc39adecc825eb4de356c54c0ad2253122f36b13578622064c8a5
  .agents/skills/pr-creator/SKILL.md: sha256:9001b301545422e0dbaf34add7144159b4cf38d368d3b188089cee268f2c8f53
  .claude/agents/docs-curator.md: sha256:74a098313fa00048bfd3e5cce164eeb77d7aa3af43b9a7346c9884bc496b4479
  .claude/rules/01-backend.md: sha256:63d719f081d842b9f1962e22616d12bf1a2e6ed4ad7de415cd3e8611684563f7
  .claude/rules/02-admin.md: sha256:d9ffbd7edbc9ab6ac95d31f631fc61ccabfa7ee22635f357d82dcfb890f9fa0f
  .claude/rules/03-contracts.md: sha256:5d896d75c547b15cc61201236e34d4f38d5e8343202b13a66905e6b8f0e4c562
  .claude/rules/04-docs.md: sha256:4e37ca24f3bc92afe73fa205fcc8010b3106aab53a8336d76fcc1fd7904766ea
  .claude/rules/05-viewer.md: sha256:f49c98d27e38b4279b71f84399497812773d0a1b7e128d8bb9df9c254de42a23
  .claude/rules/06-discord-notifier.md: sha256:676a482b3c9f254fa1c21028025d80afd7bd4a424cff8f17fcf587357d74c1b8
  .claude/rules/07-notify-publish.md: sha256:4afe2b5aedec75e36a83df2fccd5d7ef6cf4be288b7d4d691977f8d2f5e580ff
  .claude/rules/08-notify-contract.md: sha256:104d2ed9ad80259802e64d60d5410267083d4894fedd21d7bef93433332be1f7
  .claude/skills/code-reviewer/SKILL.md: sha256:a16a87e2e3d1e2d2bd4f262b7efcb0c49d5159343db09e133272ed85de7131b8
  .claude/skills/code-reviewer/references/frontend-review.md: sha256:6216abd632692f2d092992d5f02831c6dd37ec43bd9f0a83fd97771584d0b00e
  .claude/skills/code-reviewer/references/general-review.md: sha256:e8db3b568ebf21b354df817317a536c0f733a355850da6c4b7d0d467717a71a1
  .claude/skills/code-reviewer/references/moonbit-review.md: sha256:a8f1b9d573985f3d647921d0476d2418c428addd9b3f9b02a3ca44ba17b5d712
  .claude/skills/code-reviewer/references/php-review.md: sha256:e69b0498b788766175b453ac90d8f9ccc229271f2e88ae92495a1a7327fde960
  .claude/skills/exec-plan/SKILL.md: sha256:2bcf7216f32944841a8ab705c110a670db0f8ccd9f8f03dc68b24907c30661fe
  .claude/skills/php-feature-test-creator/SKILL.md: sha256:1ee8f40519777cf188376d963f0c082b206acff8d2fed2717fc36813e932d3a8
  .claude/skills/php-feature-test-creator/references/patterns.md: sha256:ae52eb1cb9736d4d90b7f5507634ddf06ecedb25900b97ee0c7e629ca4c7a4c4
  .claude/skills/php-integration-test-creator/SKILL.md: sha256:e9756cbf85389c87ebcee6c081abe12deaf0e8322828ce119546ce9e9b9ee21f
  .claude/skills/php-integration-test-creator/references/patterns.md: sha256:a75b5511cc739b8fe9b4e791eea5a7b62dff08e7812284b659f095c84669e07d
  .claude/skills/php-unit-test-creator/SKILL.md: sha256:60eeffe24d54f136fdb6fee4ea593ef270fff0098730e5f5943f3977ac4c417f
  .claude/skills/php-unit-test-creator/references/common.md: sha256:5b65ce4c2255ca406e8d40729b9da9d93781229c3b79d923811d3aa515be4ddf
  .claude/skills/php-unit-test-creator/references/patterns.md: sha256:937eec0bfbabc39adecc825eb4de356c54c0ad2253122f36b13578622064c8a5
  .claude/skills/pr-creator/SKILL.md: sha256:9001b301545422e0dbaf34add7144159b4cf38d368d3b188089cee268f2c8f53
  .codex/agents/docs-curator.toml: sha256:847e6bd60ef5f3aa1dc2e89034edb5e73681e3f453c7ba565e99c3de5cda734a
  .cursor/agents/docs-curator.md: sha256:74a098313fa00048bfd3e5cce164eeb77d7aa3af43b9a7346c9884bc496b4479
  .cursor/rules/01-backend.mdc: sha256:0fa02290cd2ce4bc740ee1fd85f207090c576802a233b5e1d5e7535e20d245f2
  .cursor/rules/02-admin.mdc: sha256:4c88bcc41111d2d1216d798e243ccd7146d0773d3705aac117393f58c6a7757a
  .cursor/rules/03-contracts.mdc: sha256:3047c08e80809f746ccfda1150e6ed09e899cc16914c757dd7069b05361056aa
  .cursor/rules/04-docs.mdc: sha256:6c95f8a67f136c7d8e304352f12612f5e2b28ba9f64d074e179691955a29b808
  .cursor/rules/05-viewer.mdc: sha256:e0d08e41fb28b013eb1fc7544f015ea9cdc0cbd131013ba0df11a3e0eedae345
  .cursor/rules/06-discord-notifier.mdc: sha256:d4feabd07d3857c90e7121e1b80e96347eb4382368e52937a070fd8462362473
  .cursor/rules/07-notify-publish.mdc: sha256:e3970168f72de27c12871942c93a8a8f531ce160fdb33629ba3b7335e9fd47bd
  .cursor/rules/08-notify-contract.mdc: sha256:ad8294ac859017551c4f36b67a7679112068716c8e1bbdb1696066283831b1fd
